
Microsoft Visual Studio Solution File, Format Version 11.00
# Visual Studio 2010
# SharpDevelop 5.1
Project("{FAE04EC0-301F-11D3-BF4B-00C04F79EFBC}") = "Client", "Client\Client.csproj", "{FAADD74F-5D35-46F5-97F2-0B3E797CBC9D}"
EndProject
Project("{FAE04EC0-301F-11D3-BF4B-00C04F79EFBC}") = "Server", "Server\Server.csproj", "{13693A53-FDAA-4B76-9CF8-1C5BFAD6BA34}"
EndProject
Global
	GlobalSection(SolutionConfigurationPlatforms) = preSolution
		Debug|Any CPU = Debug|Any CPU
		Release|Any CPU = Release|Any CPU
	EndGlobalSection
	GlobalSection(ProjectConfigurationPlatforms) = postSolution
		{FAADD74F-5D35-46F5-97F2-0B3E797CBC9D}.Debug|Any CPU.ActiveCfg = Debug|Any CPU
		{FAADD74F-5D35-46F5-97F2-0B3E797CBC9D}.Debug|Any CPU.Build.0 = Debug|Any CPU
		{FAADD74F-5D35-46F5-97F2-0B3E797CBC9D}.Release|Any CPU.ActiveCfg = Release|Any CPU
		{FAADD74F-5D35-46F5-97F2-0B3E797CBC9D}.Release|Any CPU.Build.0 = Release|Any CPU
		{13693A53-FDAA-4B76-9CF8-1C5BFAD6BA34}.Debug|Any CPU.ActiveCfg = Debug|Any CPU
		{13693A53-FDAA-4B76-9CF8-1C5BFAD6BA34}.Debug|Any CPU.Build.0 = Debug|Any CPU
		{13693A53-FDAA-4B76-9CF8-1C5BFAD6BA34}.Release|Any CPU.ActiveCfg = Release|Any CPU
		{13693A53-FDAA-4B76-9CF8-1C5BFAD6BA34}.Release|Any CPU.Build.0 = Release|Any CPU
	EndGlobalSection
EndGlobal
