
Microsoft Visual Studio Solution File, Format Version 11.00
# Visual Studio 2010
# SharpDevelop 5.1
Project("{FAE04EC0-301F-11D3-BF4B-00C04F79EFBC}") = "KSiS4", "KSiS4.csproj", "{4BA2EDAB-4819-4B6E-A759-FBA2DA3A3836}"
EndProject
Global
	GlobalSection(SolutionConfigurationPlatforms) = preSolution
		Debug|Any CPU = Debug|Any CPU
		Release|Any CPU = Release|Any CPU
	EndGlobalSection
	GlobalSection(ProjectConfigurationPlatforms) = postSolution
		{4BA2EDAB-4819-4B6E-A759-FBA2DA3A3836}.Debug|Any CPU.ActiveCfg = Debug|Any CPU
		{4BA2EDAB-4819-4B6E-A759-FBA2DA3A3836}.Debug|Any CPU.Build.0 = Debug|Any CPU
		{4BA2EDAB-4819-4B6E-A759-FBA2DA3A3836}.Release|Any CPU.ActiveCfg = Release|Any CPU
		{4BA2EDAB-4819-4B6E-A759-FBA2DA3A3836}.Release|Any CPU.Build.0 = Release|Any CPU
	EndGlobalSection
EndGlobal
