
Microsoft Visual Studio Solution File, Format Version 11.00
# Visual Studio 2010
# SharpDevelop 5.1
Project("{FAE04EC0-301F-11D3-BF4B-00C04F79EFBC}") = "ZiR", "ZiR\ZiR.csproj", "{B7611FC5-1903-4B19-B1D3-2B6B087FDAFA}"
EndProject
Global
	GlobalSection(SolutionConfigurationPlatforms) = preSolution
		Debug|Any CPU = Debug|Any CPU
		Release|Any CPU = Release|Any CPU
	EndGlobalSection
	GlobalSection(ProjectConfigurationPlatforms) = postSolution
		{B7611FC5-1903-4B19-B1D3-2B6B087FDAFA}.Debug|Any CPU.ActiveCfg = Debug|Any CPU
		{B7611FC5-1903-4B19-B1D3-2B6B087FDAFA}.Debug|Any CPU.Build.0 = Debug|Any CPU
		{B7611FC5-1903-4B19-B1D3-2B6B087FDAFA}.Release|Any CPU.ActiveCfg = Release|Any CPU
		{B7611FC5-1903-4B19-B1D3-2B6B087FDAFA}.Release|Any CPU.Build.0 = Release|Any CPU
	EndGlobalSection
EndGlobal
